
Microsoft Visual Studio Solution File, Format Version 12.00
# Visual Studio 2013
VisualStudioVersion = 12.0.21005.1
MinimumVisualStudioVersion = 10.0.40219.1
Project("{FAE04EC0-301F-11D3-BF4B-00C04F79EFBC}") = "Umax Search Engines Parser 2", "Search Engines Parser 2\Umax Search Engines Parser 2.csproj", "{B63BE527-CAC3-474D-A813-CC8CCD43DA2D}"
EndProject
Project("{FAE04EC0-301F-11D3-BF4B-00C04F79EFBC}") = "FileJoiner", "FileJoiner\FileJoiner.csproj", "{BC31DE2A-82CC-4507-872C-336E9B685636}"
EndProject
Global
	GlobalSection(SolutionConfigurationPlatforms) = preSolution
		Debug|Any CPU = Debug|Any CPU
		Release|Any CPU = Release|Any CPU
	EndGlobalSection
	GlobalSection(ProjectConfigurationPlatforms) = postSolution
		{B63BE527-CAC3-474D-A813-CC8CCD43DA2D}.Debug|Any CPU.ActiveCfg = Debug|Any CPU
		{B63BE527-CAC3-474D-A813-CC8CCD43DA2D}.Debug|Any CPU.Build.0 = Debug|Any CPU
		{B63BE527-CAC3-474D-A813-CC8CCD43DA2D}.Release|Any CPU.ActiveCfg = Release|Any CPU
		{B63BE527-CAC3-474D-A813-CC8CCD43DA2D}.Release|Any CPU.Build.0 = Release|Any CPU
		{BC31DE2A-82CC-4507-872C-336E9B685636}.Debug|Any CPU.ActiveCfg = Debug|Any CPU
		{BC31DE2A-82CC-4507-872C-336E9B685636}.Debug|Any CPU.Build.0 = Debug|Any CPU
		{BC31DE2A-82CC-4507-872C-336E9B685636}.Release|Any CPU.ActiveCfg = Release|Any CPU
		{BC31DE2A-82CC-4507-872C-336E9B685636}.Release|Any CPU.Build.0 = Release|Any CPU
	EndGlobalSection
	GlobalSection(SolutionProperties) = preSolution
		HideSolutionNode = FALSE
	EndGlobalSection
EndGlobal
